
Microsoft Visual Studio Solution File, Format Version 12.00
# Visual Studio Version 17
VisualStudioVersion = 17.9.34902.65
MinimumVisualStudioVersion = 10.0.40219.1
Project("{FAE04EC0-301F-11D3-BF4B-00C04F79EFBC}") = "BFY TriCorder", "BFY TriCorder\BFY TriCorder.csproj", "{50D852F4-222A-4D72-8199-DC9B21F0BA36}"
EndProject
Global
	GlobalSection(SolutionConfigurationPlatforms) = preSolution
		Debug|Any CPU = Debug|Any CPU
		Release|Any CPU = Release|Any CPU
	EndGlobalSection
	GlobalSection(ProjectConfigurationPlatforms) = postSolution
		{50D852F4-222A-4D72-8199-DC9B21F0BA36}.Debug|Any CPU.ActiveCfg = Debug|Any CPU
		{50D852F4-222A-4D72-8199-DC9B21F0BA36}.Debug|Any CPU.Build.0 = Debug|Any CPU
		{50D852F4-222A-4D72-8199-DC9B21F0BA36}.Release|Any CPU.ActiveCfg = Release|Any CPU
		{50D852F4-222A-4D72-8199-DC9B21F0BA36}.Release|Any CPU.Build.0 = Release|Any CPU
	EndGlobalSection
	GlobalSection(SolutionProperties) = preSolution
		HideSolutionNode = FALSE
	EndGlobalSection
	GlobalSection(ExtensibilityGlobals) = postSolution
		SolutionGuid = {FD59E978-C0A9-46B6-8972-A25E44FD36B9}
	EndGlobalSection
EndGlobal
